{
  "name": "chain",
  "version": "1.0.0",
  "lockfileVersion": 3,
  "requires": true,
  "packages": {
    "": {
      "name": "chain",
      "version": "1.0.0",
      "license": "ISC",
      "dependencies": {
        "@nomicfoundation/hardhat-toolbox": "^4.0.0",
        "@openzeppelin/contracts": "^5.0.1",
        "chai": "4",
        "hardhat": "^2.19.4"
      }
    },
    "../node_modules/.pnpm/@nomicfoundation+hardhat-toolbox@4.0.0_@nomicfoundation+hardhat-chai-matchers@2.0.3_@nomicfou_ibbo4hzm2i374yomfvaywzmxgy/node_modules/@nomicfoundation/hardhat-toolbox": {
      "version": "4.0.0",
      "license": "MIT",
      "devDependencies": {
        "@nomicfoundation/eslint-plugin-hardhat-internal-rules": "^1.0.2",
        "@nomicfoundation/eslint-plugin-slow-imports": "^1.0.0",
        "@nomicfoundation/hardhat-chai-matchers": "^2.0.0",
        "@nomicfoundation/hardhat-ethers": "^3.0.0",
        "@nomicfoundation/hardhat-network-helpers": "^1.0.0",
        "@nomicfoundation/hardhat-verify": "^2.0.0",
        "@typechain/ethers-v6": "^0.5.0",
        "@typechain/hardhat": "^9.0.0",
        "@types/chai": "^4.2.0",
        "@types/mocha": ">=9.1.0",
        "@types/node": "^16.0.0",
        "@typescript-eslint/eslint-plugin": "5.61.0",
        "@typescript-eslint/parser": "5.61.0",
        "chai": "^4.2.0",
        "eslint": "^8.44.0",
        "eslint-config-prettier": "8.3.0",
        "eslint-plugin-import": "2.27.5",
        "eslint-plugin-no-only-tests": "3.0.0",
        "eslint-plugin-prettier": "3.4.0",
        "ethers": "^6.4.0",
        "hardhat": "^2.11.0",
        "hardhat-gas-reporter": "^1.0.8",
        "mocha": "^10.0.0",
        "prettier": "2.4.1",
        "rimraf": "^3.0.2",
        "solidity-coverage": "^0.8.1",
        "ts-node": "^10.8.0",
        "typechain": "^8.3.1",
        "typescript": "~5.0.0"
      },
      "peerDependencies": {
        "@nomicfoundation/hardhat-chai-matchers": "^2.0.0",
        "@nomicfoundation/hardhat-ethers": "^3.0.0",
        "@nomicfoundation/hardhat-network-helpers": "^1.0.0",
        "@nomicfoundation/hardhat-verify": "^2.0.0",
        "@typechain/ethers-v6": "^0.5.0",
        "@typechain/hardhat": "^9.0.0",
        "@types/chai": "^4.2.0",
        "@types/mocha": ">=9.1.0",
        "@types/node": ">=16.0.0",
        "chai": "^4.2.0",
        "ethers": "^6.4.0",
        "hardhat": "^2.11.0",
        "hardhat-gas-reporter": "^1.0.8",
        "solidity-coverage": "^0.8.1",
        "ts-node": ">=8.0.0",
        "typechain": "^8.3.0",
        "typescript": ">=4.5.0"
      }
    },
    "../node_modules/.pnpm/@nomiclabs+hardhat-waffle@2.0.6_@nomiclabs+hardhat-ethers@2.2.3_@types+sinon-chai@3.2.12_ethe_gozlgsxke275od62f2kcqhh47m/node_modules/@nomiclabs/hardhat-waffle": {
      "version": "2.0.6",
      "extraneous": true,
      "license": "MIT",
      "devDependencies": {
        "@changesets/cli": "^2.25.2",
        "@nomiclabs/hardhat-ethers": "^2.0.0",
        "@types/chai": "^4.2.0",
        "@types/fs-extra": "^5.1.0",
        "@types/mocha": "^9.1.0",
        "@types/node": "^18.11.9",
        "@types/sinon-chai": "^3.2.3",
        "@types/web3": "1.0.19",
        "@typescript-eslint/eslint-plugin": "4.29.2",
        "@typescript-eslint/parser": "4.29.2",
        "chai": "^4.2.0",
        "eslint": "^7.29.0",
        "eslint-config-prettier": "8.3.0",
        "eslint-plugin-import": "2.24.1",
        "eslint-plugin-prettier": "3.4.0",
        "ethereum-waffle": "^4.0.10",
        "ethers": "^5.0.0",
        "fs-extra": "^10.1.0",
        "hardhat": "^2.0.0",
        "mocha": "^10.0.0",
        "prettier": "2.4.1",
        "rimraf": "^3.0.2",
        "ts-node": "^8.1.0",
        "typescript": "~4.5.2"
      },
      "peerDependencies": {
        "@nomiclabs/hardhat-ethers": "^2.0.0",
        "@types/sinon-chai": "^3.2.3",
        "ethereum-waffle": "*",
        "ethers": "^5.0.0",
        "hardhat": "^2.0.0"
      }
    },
    "../node_modules/.pnpm/@openzeppelin+contracts@5.0.1/node_modules/@openzeppelin/contracts": {
      "version": "5.0.1",
      "license": "MIT"
    },
    "../node_modules/.pnpm/chai@4.4.1/node_modules/chai": {
      "version": "4.4.1",
      "license": "MIT",
      "dependencies": {
        "assertion-error": "^1.1.0",
        "check-error": "^1.0.3",
        "deep-eql": "^4.1.3",
        "get-func-name": "^2.0.2",
        "loupe": "^2.3.6",
        "pathval": "^1.1.1",
        "type-detect": "^4.0.8"
      },
      "devDependencies": {
        "browserify": "^16.5.2",
        "bump-cli": "^2.7.1",
        "codecov": "^3.8.3",
        "istanbul": "^0.4.5",
        "karma": "^6.4.2",
        "karma-chrome-launcher": "^2.2.0",
        "karma-firefox-launcher": "^1.3.0",
        "karma-mocha": "^2.0.1",
        "karma-sauce-launcher": "^4.1.4",
        "mocha": "^10.2.0"
      },
      "engines": {
        "node": ">=4"
      }
    },
    "../node_modules/.pnpm/ethers@6.10.0/node_modules/ethers": {
      "version": "6.10.0",
      "extraneous": true,
      "funding": [
        {
          "type": "individual",
          "url": "https://github.com/sponsors/ethers-io/"
        },
        {
          "type": "individual",
          "url": "https://www.buymeacoffee.com/ricmoo"
        }
      ],
      "license": "MIT",
      "dependencies": {
        "@adraffy/ens-normalize": "1.10.0",
        "@noble/curves": "1.2.0",
        "@noble/hashes": "1.3.2",
        "@types/node": "18.15.13",
        "aes-js": "4.0.0-beta.5",
        "tslib": "2.4.0",
        "ws": "8.5.0"
      },
      "devDependencies": {
        "@rollup/plugin-node-resolve": "15.0.2",
        "@types/mocha": "9.1.1",
        "@types/semver": "7.5.0",
        "c8": "7.12.0",
        "mocha": "10.0.0",
        "rollup": "3.21.5",
        "semver": "7.5.4",
        "typescript": "5.0.4",
        "uglify-js": "3.17.0"
      },
      "engines": {
        "node": ">=14.0.0"
      }
    },
    "../node_modules/.pnpm/hardhat@2.19.4_ts-node@10.9.2_typescript@4.7.4/node_modules/hardhat": {
      "version": "2.19.4",
      "license": "MIT",
      "dependencies": {
        "@ethersproject/abi": "^5.1.2",
        "@metamask/eth-sig-util": "^4.0.0",
        "@nomicfoundation/ethereumjs-block": "5.0.2",
        "@nomicfoundation/ethereumjs-blockchain": "7.0.2",
        "@nomicfoundation/ethereumjs-common": "4.0.2",
        "@nomicfoundation/ethereumjs-evm": "2.0.2",
        "@nomicfoundation/ethereumjs-rlp": "5.0.2",
        "@nomicfoundation/ethereumjs-statemanager": "2.0.2",
        "@nomicfoundation/ethereumjs-trie": "6.0.2",
        "@nomicfoundation/ethereumjs-tx": "5.0.2",
        "@nomicfoundation/ethereumjs-util": "9.0.2",
        "@nomicfoundation/ethereumjs-vm": "7.0.2",
        "@nomicfoundation/solidity-analyzer": "^0.1.0",
        "@sentry/node": "^5.18.1",
        "@types/bn.js": "^5.1.0",
        "@types/lru-cache": "^5.1.0",
        "adm-zip": "^0.4.16",
        "aggregate-error": "^3.0.0",
        "ansi-escapes": "^4.3.0",
        "chalk": "^2.4.2",
        "chokidar": "^3.4.0",
        "ci-info": "^2.0.0",
        "debug": "^4.1.1",
        "enquirer": "^2.3.0",
        "env-paths": "^2.2.0",
        "ethereum-cryptography": "^1.0.3",
        "ethereumjs-abi": "^0.6.8",
        "find-up": "^2.1.0",
        "fp-ts": "1.19.3",
        "fs-extra": "^7.0.1",
        "glob": "7.2.0",
        "immutable": "^4.0.0-rc.12",
        "io-ts": "1.10.4",
        "keccak": "^3.0.2",
        "lodash": "^4.17.11",
        "mnemonist": "^0.38.0",
        "mocha": "^10.0.0",
        "p-map": "^4.0.0",
        "raw-body": "^2.4.1",
        "resolve": "1.17.0",
        "semver": "^6.3.0",
        "solc": "0.7.3",
        "source-map-support": "^0.5.13",
        "stacktrace-parser": "^0.1.10",
        "tsort": "0.0.1",
        "undici": "^5.14.0",
        "uuid": "^8.3.2",
        "ws": "^7.4.6"
      },
      "bin": {
        "hardhat": "internal/cli/bootstrap.js"
      },
      "devDependencies": {
        "@nomicfoundation/eslint-plugin-hardhat-internal-rules": "^1.0.2",
        "@nomicfoundation/eslint-plugin-slow-imports": "^1.0.0",
        "@types/async-eventemitter": "^0.2.1",
        "@types/bn.js": "^5.1.0",
        "@types/chai": "^4.2.0",
        "@types/chai-as-promised": "^7.1.3",
        "@types/ci-info": "^2.0.0",
        "@types/debug": "^4.1.4",
        "@types/find-up": "^2.1.1",
        "@types/fs-extra": "^5.1.0",
        "@types/glob": "^7.1.1",
        "@types/keccak": "^3.0.1",
        "@types/lodash": "^4.14.123",
        "@types/mocha": ">=9.1.0",
        "@types/node": "^16.0.0",
        "@types/resolve": "^1.17.1",
        "@types/semver": "^6.0.2",
        "@types/sinon": "^9.0.8",
        "@types/uuid": "^8.3.1",
        "@types/ws": "^7.2.1",
        "@typescript-eslint/eslint-plugin": "5.61.0",
        "@typescript-eslint/parser": "5.61.0",
        "bignumber.js": "^9.0.2",
        "bn.js": "^5.1.0",
        "chai": "^4.2.0",
        "chai-as-promised": "^7.1.1",
        "eslint": "^8.44.0",
        "eslint-config-prettier": "8.3.0",
        "eslint-plugin-import": "2.27.5",
        "eslint-plugin-no-only-tests": "3.0.0",
        "eslint-plugin-prettier": "3.4.0",
        "ethers": "^6.1.0",
        "ethers-v5": "npm:ethers@5",
        "mocha": "^10.0.0",
        "prettier": "2.4.1",
        "rimraf": "^3.0.2",
        "sinon": "^9.0.0",
        "time-require": "^0.1.2",
        "ts-node": "^10.8.0",
        "typescript": "~5.0.0"
      },
      "peerDependencies": {
        "ts-node": "*",
        "typescript": "*"
      },
      "peerDependenciesMeta": {
        "ts-node": {
          "optional": true
        },
        "typescript": {
          "optional": true
        }
      }
    },
    "node_modules/@nomicfoundation/hardhat-toolbox": {
      "resolved": "../node_modules/.pnpm/@nomicfoundation+hardhat-toolbox@4.0.0_@nomicfoundation+hardhat-chai-matchers@2.0.3_@nomicfou_ibbo4hzm2i374yomfvaywzmxgy/node_modules/@nomicfoundation/hardhat-toolbox",
      "link": true
    },
    "node_modules/@openzeppelin/contracts": {
      "resolved": "../node_modules/.pnpm/@openzeppelin+contracts@5.0.1/node_modules/@openzeppelin/contracts",
      "link": true
    },
    "node_modules/chai": {
      "resolved": "../node_modules/.pnpm/chai@4.4.1/node_modules/chai",
      "link": true
    },
    "node_modules/hardhat": {
      "resolved": "../node_modules/.pnpm/hardhat@2.19.4_ts-node@10.9.2_typescript@4.7.4/node_modules/hardhat",
      "link": true
    }
  }
}
